github.com/PaesslerAG/gval v1.0.0 h1:GEKnRwkWDdf9dOmKcNrar9EA1bz1z9DqPIO1+iLzhd8=
github.com/PaesslerAG/gval v1.0.0/go.mod h1:y/nm5yEyTeX6av0OfKJNp9rBNj2XrGhAf5+v24IBN1I=
github.com/PaesslerAG/jsonpath v0.1.0/go.mod h1:4BzmtoM/PI8fPO4aQGIusjGxGir2BzcV0grWtFzq1Y8=
github.com/PaesslerAG/jsonpath v0.1.1 h1:c1/AToHQMVsduPAa4Vh6xp2U0evy4t8SWp8imEsylIk=
github.com/PaesslerAG/jsonpath v0.1.1/go.mod h1:lVboNxFGal/VwW6d9JzIy56bUsYAP6tH/x80vjnCseY=
github.com/gofrs/uuid v4.3.0+incompatible h1:CaSVZxm5B+7o45rtab4jC2G37WGYX1zQfuU2i6DSvnc=
github.com/gofrs/uuid v4.3.0+incompatible/go.mod h1:b2aQJv3Z4Fp6yNu3cdSllBxTCLRxnplIgP/c0N/04lM=
github.com/qntfy/jsonparser v1.0.2 h1:hko+J4L7HSaYoB2yuzinWc9MkO93zWKUmzPHJwB53OM=
github.com/qntfy/jsonparser v1.0.2/go.mod h1:F+LCdwPnFBsubQ+ugnBczIP9RWv5wSCqnUmLHPUx4ZU=
github.com/qntfy/kazaam v3.4.9+incompatible h1:L5M3waKZ7abX4hWKD27HYBPRkydrYtcVZJKw6NKbNLQ=
github.com/qntfy/kazaam v3.4.9+incompatible/go.mod h1:aN8m9eOLEtyeypys9YtGYm0rFjKWlobu18ez6GcBtsg=
